
Microsoft Visual Studio Solution File, Format Version 12.00
# Visual Studio 2012
Project("{FAE04EC0-301F-11D3-BF4B-00C04F79EFBC}") = "XamarinUniversity", "XamarinUniversity\XamarinUniversity.csproj", "{0D818F5F-7BD2-480D-943A-8038F4268307}"
EndProject
Project("{FAE04EC0-301F-11D3-BF4B-00C04F79EFBC}") = "XamarinUniversity.UITests", "XamarinUniversity.UITests\XamarinUniversity.UITests.csproj", "{C8EE2044-258B-47DE-9F20-F796156AB04B}"
EndProject
Project("{FAE04EC0-301F-11D3-BF4B-00C04F79EFBC}") = "iOSApp", "iOSApp\iOSApp.csproj", "{AA0C0EC6-DD1D-48F6-823B-D58D1D0BEFF6}"
EndProject
Global
	GlobalSection(SolutionConfigurationPlatforms) = preSolution
		Debug|Any CPU = Debug|Any CPU
		Release|Any CPU = Release|Any CPU
		Debug|iPhoneSimulator = Debug|iPhoneSimulator
		Release|iPhone = Release|iPhone
		Release|iPhoneSimulator = Release|iPhoneSimulator
		Debug|iPhone = Debug|iPhone
	EndGlobalSection
	GlobalSection(ProjectConfigurationPlatforms) = postSolution
		{0D818F5F-7BD2-480D-943A-8038F4268307}.Debug|Any CPU.ActiveCfg = Debug|Any CPU
		{0D818F5F-7BD2-480D-943A-8038F4268307}.Debug|Any CPU.Build.0 = Debug|Any CPU
		{0D818F5F-7BD2-480D-943A-8038F4268307}.Debug|iPhone.ActiveCfg = Debug|Any CPU
		{0D818F5F-7BD2-480D-943A-8038F4268307}.Debug|iPhone.Build.0 = Debug|Any CPU
		{0D818F5F-7BD2-480D-943A-8038F4268307}.Debug|iPhoneSimulator.ActiveCfg = Debug|Any CPU
		{0D818F5F-7BD2-480D-943A-8038F4268307}.Debug|iPhoneSimulator.Build.0 = Debug|Any CPU
		{0D818F5F-7BD2-480D-943A-8038F4268307}.Release|Any CPU.ActiveCfg = Release|Any CPU
		{0D818F5F-7BD2-480D-943A-8038F4268307}.Release|Any CPU.Build.0 = Release|Any CPU
		{0D818F5F-7BD2-480D-943A-8038F4268307}.Release|iPhone.ActiveCfg = Release|Any CPU
		{0D818F5F-7BD2-480D-943A-8038F4268307}.Release|iPhone.Build.0 = Release|Any CPU
		{0D818F5F-7BD2-480D-943A-8038F4268307}.Release|iPhoneSimulator.ActiveCfg = Release|Any CPU
		{0D818F5F-7BD2-480D-943A-8038F4268307}.Release|iPhoneSimulator.Build.0 = Release|Any CPU
		{AA0C0EC6-DD1D-48F6-823B-D58D1D0BEFF6}.Debug|Any CPU.ActiveCfg = Debug|iPhoneSimulator
		{AA0C0EC6-DD1D-48F6-823B-D58D1D0BEFF6}.Debug|Any CPU.Build.0 = Debug|iPhoneSimulator
		{AA0C0EC6-DD1D-48F6-823B-D58D1D0BEFF6}.Debug|iPhone.ActiveCfg = Debug|iPhone
		{AA0C0EC6-DD1D-48F6-823B-D58D1D0BEFF6}.Debug|iPhone.Build.0 = Debug|iPhone
		{AA0C0EC6-DD1D-48F6-823B-D58D1D0BEFF6}.Debug|iPhoneSimulator.ActiveCfg = Debug|iPhoneSimulator
		{AA0C0EC6-DD1D-48F6-823B-D58D1D0BEFF6}.Debug|iPhoneSimulator.Build.0 = Debug|iPhoneSimulator
		{AA0C0EC6-DD1D-48F6-823B-D58D1D0BEFF6}.Release|Any CPU.ActiveCfg = Release|iPhone
		{AA0C0EC6-DD1D-48F6-823B-D58D1D0BEFF6}.Release|Any CPU.Build.0 = Release|iPhone
		{AA0C0EC6-DD1D-48F6-823B-D58D1D0BEFF6}.Release|iPhone.ActiveCfg = Release|iPhone
		{AA0C0EC6-DD1D-48F6-823B-D58D1D0BEFF6}.Release|iPhone.Build.0 = Release|iPhone
		{AA0C0EC6-DD1D-48F6-823B-D58D1D0BEFF6}.Release|iPhoneSimulator.ActiveCfg = Release|iPhoneSimulator
		{AA0C0EC6-DD1D-48F6-823B-D58D1D0BEFF6}.Release|iPhoneSimulator.Build.0 = Release|iPhoneSimulator
		{C8EE2044-258B-47DE-9F20-F796156AB04B}.Debug|Any CPU.ActiveCfg = Debug|Any CPU
		{C8EE2044-258B-47DE-9F20-F796156AB04B}.Debug|Any CPU.Build.0 = Debug|Any CPU
		{C8EE2044-258B-47DE-9F20-F796156AB04B}.Debug|iPhone.ActiveCfg = Debug|Any CPU
		{C8EE2044-258B-47DE-9F20-F796156AB04B}.Debug|iPhone.Build.0 = Debug|Any CPU
		{C8EE2044-258B-47DE-9F20-F796156AB04B}.Debug|iPhoneSimulator.ActiveCfg = Debug|Any CPU
		{C8EE2044-258B-47DE-9F20-F796156AB04B}.Debug|iPhoneSimulator.Build.0 = Debug|Any CPU
		{C8EE2044-258B-47DE-9F20-F796156AB04B}.Release|Any CPU.ActiveCfg = Release|Any CPU
		{C8EE2044-258B-47DE-9F20-F796156AB04B}.Release|Any CPU.Build.0 = Release|Any CPU
		{C8EE2044-258B-47DE-9F20-F796156AB04B}.Release|iPhone.ActiveCfg = Release|Any CPU
		{C8EE2044-258B-47DE-9F20-F796156AB04B}.Release|iPhone.Build.0 = Release|Any CPU
		{C8EE2044-258B-47DE-9F20-F796156AB04B}.Release|iPhoneSimulator.ActiveCfg = Release|Any CPU
		{C8EE2044-258B-47DE-9F20-F796156AB04B}.Release|iPhoneSimulator.Build.0 = Release|Any CPU
	EndGlobalSection
EndGlobal
